github.com/imfing/hextra v0.12.3 h1:DZHY2rUWYteyzjlHi9r4n7Bb5e2Q+6LXe4C1Dqn0ZjM=
github.com/imfing/hextra v0.12.3/go.mod h1:vi+yhpq8YPp/aghvJlNKVnJKcPJ/VyAEcfC1BSV9ARo=
github.com/valiss-dev/docs v0.0.0-20260717143233-6199d5c01ba4 h1:kmVPNr9MDd+4xR5ljaJG+df62GinDb0oSFBxLRe9kGk=
github.com/valiss-dev/docs v0.0.0-20260717143233-6199d5c01ba4/go.mod h1:v87/8YFNNoA3aNiJHyrGkMfq2o3trXVt4cTPiGGRGvY=
github.com/valiss-dev/docs v0.0.0-20260717144830-44dc2de58019 h1:5bhJL1iEUMu2XwotZjY1tvIrBGcIKUFkRFPalKN+4Xc=
github.com/valiss-dev/docs v0.0.0-20260717144830-44dc2de58019/go.mod h1:v87/8YFNNoA3aNiJHyrGkMfq2o3trXVt4cTPiGGRGvY=
github.com/valiss-dev/docs v0.0.0-20260717150946-818a1137a749 h1:nQZUuvhzhYlsyAhsYyOpvUSQ7pghUSA8UL8Pg0rd2T0=
github.com/valiss-dev/docs v0.0.0-20260717150946-818a1137a749/go.mod h1:v87/8YFNNoA3aNiJHyrGkMfq2o3trXVt4cTPiGGRGvY=
github.com/valiss-dev/docs v0.0.0-20260717152704-6f70c29f8069 h1:lezb4W3/Jp4ZV0sipAC1f9jkAFgcW25Omi7PH/e16mU=
github.com/valiss-dev/docs v0.0.0-20260717152704-6f70c29f8069/go.mod h1:v87/8YFNNoA3aNiJHyrGkMfq2o3trXVt4cTPiGGRGvY=
github.com/valiss-dev/docs v0.0.0-20260717154402-e25bd336d8f9 h1:NrU9AobZimKbBvgIsq4V/VPhqryxwUfs44jtsdUYu70=
github.com/valiss-dev/docs v0.0.0-20260717154402-e25bd336d8f9/go.mod h1:v87/8YFNNoA3aNiJHyrGkMfq2o3trXVt4cTPiGGRGvY=
github.com/valiss-dev/docs v0.0.0-20260717161536-20014a3bc0a2 h1:4B68KB4ONxwSP16C6/KagJbMfaEirDAmWN3DIwlQ8Ww=
github.com/valiss-dev/docs v0.0.0-20260717161536-20014a3bc0a2/go.mod h1:v87/8YFNNoA3aNiJHyrGkMfq2o3trXVt4cTPiGGRGvY=
github.com/valiss-dev/docs v0.0.0-20260717162905-cf8c979ad96a h1:2tH0tTkkGFCIA7XRj5VwvR1bZEGx1d5yWF3GNPURIGM=
github.com/valiss-dev/docs v0.0.0-20260717162905-cf8c979ad96a/go.mod h1:v87/8YFNNoA3aNiJHyrGkMfq2o3trXVt4cTPiGGRGvY=
github.com/valiss-dev/spec v0.0.0-20260715170708-06958028e198 h1:ahXllp/bBhkRYka9UoDCkjpP9QUATL/bLVWj2r1llGc=
github.com/valiss-dev/spec v0.0.0-20260715170708-06958028e198/go.mod h1:LHW2aQNiMpJbuhEmw2NNEXzWwaQLNm09IDw3yx7TSDE=
github.com/valiss-dev/spec v0.0.0-20260717132856-bc5be3972454 h1:L0P4TSC1NFQ/CtJppXATxthjB+sTJYdoejHCvGn7kBs=
github.com/valiss-dev/spec v0.0.0-20260717132856-bc5be3972454/go.mod h1:LHW2aQNiMpJbuhEmw2NNEXzWwaQLNm09IDw3yx7TSDE=
